// !$*UTF8*$!
{
	archiveVersion = 1;
	classes = {
	};
	objectVersion = 46;
	objects = {

/* Begin PBXBuildFile section */
		1DDD58160DA1D0A300B32029 /* MainMenu.xib in Resources */ = {isa = PBXBuildFile; fileRef = 1DDD58140DA1D0A300B32029 /* MainMenu.xib */; };
		256AC3DA0F4B6AC300CF3369 /* StreamingPreviewAppDelegate.mm in Sources */ = {isa = PBXBuildFile; fileRef = 256AC3D90F4B6AC300CF3369 /* StreamingPreviewAppDelegate.mm */; };
		6DC90AB611F3D3940050A5A3 /* OpenGLPreview.mm in Sources */ = {isa = PBXBuildFile; fileRef = 6DC90AB511F3D3940050A5A3 /* OpenGLPreview.mm */; };
		6DC90AC111F3D3E80050A5A3 /* CoreVideo.framework in Frameworks */ = {isa = PBXBuildFile; fileRef = 6DC90AC011F3D3E80050A5A3 /* CoreVideo.framework */; };
		6DC90B2E11F3D9D80050A5A3 /* OpenGL.framework in Frameworks */ = {isa = PBXBuildFile; fileRef = 6DC90B2D11F3D9D80050A5A3 /* OpenGL.framework */; };
		6DC90BB711F3E0E50050A5A3 /* QTDecodeSession.mm in Sources */ = {isa = PBXBuildFile; fileRef = 6DC90BB611F3E0E50050A5A3 /* QTDecodeSession.mm */; };
		6DC90BB911F3E0F30050A5A3 /* QuickTime.framework in Frameworks */ = {isa = PBXBuildFile; fileRef = 6DC90BB811F3E0F30050A5A3 /* QuickTime.framework */; };
		8D11072B0486CEB800E47090 /* InfoPlist.strings in Resources */ = {isa = PBXBuildFile; fileRef = 089C165CFE840E0CC02AAC07 /* InfoPlist.strings */; };
		8D11072F0486CEB800E47090 /* Cocoa.framework in Frameworks */ = {isa = PBXBuildFile; fileRef = 1058C7A1FEA54F0111CA2CBB /* Cocoa.framework */; };
		A8A33E12134954CB00FCB02D /* AudioStreamDecoder.cpp in Sources */ = {isa = PBXBuildFile; fileRef = A8A33E11134954CB00FCB02D /* AudioStreamDecoder.cpp */; };
		A8A33F91134A988700FCB02D /* BMDStreamingDeckControlNotifier.mm in Sources */ = {isa = PBXBuildFile; fileRef = A8A33F8C134A988700FCB02D /* BMDStreamingDeckControlNotifier.mm */; };
		A8A33F92134A988700FCB02D /* BMDStreamingDeviceInputNotifier.mm in Sources */ = {isa = PBXBuildFile; fileRef = A8A33F8E134A988700FCB02D /* BMDStreamingDeviceInputNotifier.mm */; };
		A8A33F93134A988700FCB02D /* BMDStreamingDeviceNotifier.mm in Sources */ = {isa = PBXBuildFile; fileRef = A8A33F90134A988700FCB02D /* BMDStreamingDeviceNotifier.mm */; };
		A8A33F98134A98B300FCB02D /* DeckLinkAPIDispatch.cpp in Sources */ = {isa = PBXBuildFile; fileRef = A8A33F97134A98B300FCB02D /* DeckLinkAPIDispatch.cpp */; };
		A8A33F9C134A98C400FCB02D /* main.mm in Sources */ = {isa = PBXBuildFile; fileRef = A8A33F9B134A98C400FCB02D /* main.mm */; };
		A8D40A8C1342C1C100D98DD6 /* AudioToolbox.framework in Frameworks */ = {isa = PBXBuildFile; fileRef = A8D40A8B1342C1C100D98DD6 /* AudioToolbox.framework */; };
/* End PBXBuildFile section */

/* Begin PBXFileReference section */
		089C165DFE840E0CC02AAC07 /* English */ = {isa = PBXFileReference; fileEncoding = 4; lastKnownFileType = text.plist.strings; name = English; path = English.lproj/InfoPlist.strings; sourceTree = "<group>"; };
		1058C7A1FEA54F0111CA2CBB /* Cocoa.framework */ = {isa = PBXFileReference; lastKnownFileType = wrapper.framework; name = Cocoa.framework; path = /System/Library/Frameworks/Cocoa.framework; sourceTree = "<absolute>"; };
		13E42FB307B3F0F600E4EEF1 /* CoreData.framework */ = {isa = PBXFileReference; lastKnownFileType = wrapper.framework; name = CoreData.framework; path = /System/Library/Frameworks/CoreData.framework; sourceTree = "<absolute>"; };
		1DDD58150DA1D0A300B32029 /* English */ = {isa = PBXFileReference; lastKnownFileType = file.xib; name = English; path = English.lproj/MainMenu.xib; sourceTree = "<group>"; };
		256AC3D80F4B6AC300CF3369 /* StreamingPreviewAppDelegate.h */ = {isa = PBXFileReference; fileEncoding = 4; lastKnownFileType = sourcecode.c.h; path = StreamingPreviewAppDelegate.h; sourceTree = "<group>"; };
		256AC3D90F4B6AC300CF3369 /* StreamingPreviewAppDelegate.mm */ = {isa = PBXFileReference; fileEncoding = 4; lastKnownFileType = sourcecode.cpp.objcpp; path = StreamingPreviewAppDelegate.mm; sourceTree = "<group>"; };
		29B97324FDCFA39411CA2CEA /* AppKit.framework */ = {isa = PBXFileReference; lastKnownFileType = wrapper.framework; name = AppKit.framework; path = /System/Library/Frameworks/AppKit.framework; sourceTree = "<absolute>"; };
		29B97325FDCFA39411CA2CEA /* Foundation.framework */ = {isa = PBXFileReference; lastKnownFileType = wrapper.framework; name = Foundation.framework; path = /System/Library/Frameworks/Foundation.framework; sourceTree = "<absolute>"; };
		6DC90AB411F3D3940050A5A3 /* OpenGLPreview.h */ = {isa = PBXFileReference; fileEncoding = 4; lastKnownFileType = sourcecode.c.h; path = OpenGLPreview.h; sourceTree = "<group>"; };
		6DC90AB511F3D3940050A5A3 /* OpenGLPreview.mm */ = {isa = PBXFileReference; fileEncoding = 4; lastKnownFileType = sourcecode.cpp.objcpp; path = OpenGLPreview.mm; sourceTree = "<group>"; };
		6DC90AC011F3D3E80050A5A3 /* CoreVideo.framework */ = {isa = PBXFileReference; lastKnownFileType = wrapper.framework; name = CoreVideo.framework; path = System/Library/Frameworks/CoreVideo.framework; sourceTree = SDKROOT; };
		6DC90B2D11F3D9D80050A5A3 /* OpenGL.framework */ = {isa = PBXFileReference; lastKnownFileType = wrapper.framework; name = OpenGL.framework; path = System/Library/Frameworks/OpenGL.framework; sourceTree = SDKROOT; };
		6DC90BB511F3E0E50050A5A3 /* QTDecodeSession.h */ = {isa = PBXFileReference; fileEncoding = 4; lastKnownFileType = sourcecode.c.h; path = QTDecodeSession.h; sourceTree = "<group>"; };
		6DC90BB611F3E0E50050A5A3 /* QTDecodeSession.mm */ = {isa = PBXFileReference; fileEncoding = 4; lastKnownFileType = sourcecode.cpp.objcpp; path = QTDecodeSession.mm; sourceTree = "<group>"; };
		6DC90BB811F3E0F30050A5A3 /* QuickTime.framework */ = {isa = PBXFileReference; lastKnownFileType = wrapper.framework; name = QuickTime.framework; path = System/Library/Frameworks/QuickTime.framework; sourceTree = SDKROOT; };
		8D1107310486CEB800E47090 /* StreamingPreview-Info.plist */ = {isa = PBXFileReference; fileEncoding = 4; lastKnownFileType = text.plist.xml; path = "StreamingPreview-Info.plist"; sourceTree = "<group>"; };
		8D1107320486CEB800E47090 /* StreamingPreview.app */ = {isa = PBXFileReference; explicitFileType = wrapper.application; includeInIndex = 0; path = StreamingPreview.app; sourceTree = BUILT_PRODUCTS_DIR; };
		A8A33E10134954CB00FCB02D /* AudioStreamDecoder.h */ = {isa = PBXFileReference; fileEncoding = 4; lastKnownFileType = sourcecode.c.h; path = AudioStreamDecoder.h; sourceTree = "<group>"; };
		A8A33E11134954CB00FCB02D /* AudioStreamDecoder.cpp */ = {isa = PBXFileReference; fileEncoding = 4; lastKnownFileType = sourcecode.cpp.cpp; path = AudioStreamDecoder.cpp; sourceTree = "<group>"; };
		A8A33F89134A987B00FCB02D /* COMObject.h */ = {isa = PBXFileReference; fileEncoding = 4; lastKnownFileType = sourcecode.c.h; name = COMObject.h; path = Common/COMObject.h; sourceTree = "<group>"; };
		A8A33F8A134A987B00FCB02D /* Debug.h */ = {isa = PBXFileReference; fileEncoding = 4; lastKnownFileType = sourcecode.c.h; name = Debug.h; path = Common/Debug.h; sourceTree = "<group>"; };
		A8A33F8B134A988700FCB02D /* BMDStreamingDeckControlNotifier.h */ = {isa = PBXFileReference; fileEncoding = 4; lastKnownFileType = sourcecode.c.h; name = BMDStreamingDeckControlNotifier.h; path = Common/BMDStreamingDeckControlNotifier.h; sourceTree = "<group>"; };
		A8A33F8C134A988700FCB02D /* BMDStreamingDeckControlNotifier.mm */ = {isa = PBXFileReference; fileEncoding = 4; lastKnownFileType = sourcecode.cpp.objcpp; name = BMDStreamingDeckControlNotifier.mm; path = Common/BMDStreamingDeckControlNotifier.mm; sourceTree = "<group>"; };
		A8A33F8D134A988700FCB02D /* BMDStreamingDeviceInputNotifier.h */ = {isa = PBXFileReference; fileEncoding = 4; lastKnownFileType = sourcecode.c.h; name = BMDStreamingDeviceInputNotifier.h; path = Common/BMDStreamingDeviceInputNotifier.h; sourceTree = "<group>"; };
		A8A33F8E134A988700FCB02D /* BMDStreamingDeviceInputNotifier.mm */ = {isa = PBXFileReference; fileEncoding = 4; lastKnownFileType = sourcecode.cpp.objcpp; name = BMDStreamingDeviceInputNotifier.mm; path = Common/BMDStreamingDeviceInputNotifier.mm; sourceTree = "<group>"; };
		A8A33F8F134A988700FCB02D /* BMDStreamingDeviceNotifier.h */ = {isa = PBXFileReference; fileEncoding = 4; lastKnownFileType = sourcecode.c.h; name = BMDStreamingDeviceNotifier.h; path = Common/BMDStreamingDeviceNotifier.h; sourceTree = "<group>"; };
		A8A33F90134A988700FCB02D /* BMDStreamingDeviceNotifier.mm */ = {isa = PBXFileReference; fileEncoding = 4; lastKnownFileType = sourcecode.cpp.objcpp; name = BMDStreamingDeviceNotifier.mm; path = Common/BMDStreamingDeviceNotifier.mm; sourceTree = "<group>"; };
		A8A33F94134A98A000FCB02D /* DeckLinkAPI.h */ = {isa = PBXFileReference; fileEncoding = 4; lastKnownFileType = sourcecode.c.h; name = DeckLinkAPI.h; path = ../../../include/DeckLinkAPI.h; sourceTree = SOURCE_ROOT; };
		A8A33F97134A98B300FCB02D /* DeckLinkAPIDispatch.cpp */ = {isa = PBXFileReference; fileEncoding = 4; lastKnownFileType = sourcecode.cpp.cpp; name = DeckLinkAPIDispatch.cpp; path = ../../../include/DeckLinkAPIDispatch.cpp; sourceTree = SOURCE_ROOT; };
		A8A33F9B134A98C400FCB02D /* main.mm */ = {isa = PBXFileReference; fileEncoding = 4; lastKnownFileType = sourcecode.cpp.objcpp; path = main.mm; sourceTree = "<group>"; };
		A8D40A8B1342C1C100D98DD6 /* AudioToolbox.framework */ = {isa = PBXFileReference; lastKnownFileType = wrapper.framework; name = AudioToolbox.framework; path = System/Library/Frameworks/AudioToolbox.framework; sourceTree = SDKROOT; };
/* End PBXFileReference section */

/* Begin PBXFrameworksBuildPhase section */
		8D11072E0486CEB800E47090 /* Frameworks */ = {
			isa = PBXFrameworksBuildPhase;
			buildActionMask = 2147483647;
			files = (
				8D11072F0486CEB800E47090 /* Cocoa.framework in Frameworks */,
				6DC90AC111F3D3E80050A5A3 /* CoreVideo.framework in Frameworks */,
				6DC90B2E11F3D9D80050A5A3 /* OpenGL.framework in Frameworks */,
				6DC90BB911F3E0F30050A5A3 /* QuickTime.framework in Frameworks */,
				A8D40A8C1342C1C100D98DD6 /* AudioToolbox.framework in Frameworks */,
			);
			runOnlyForDeploymentPostprocessing = 0;
		};
/* End PBXFrameworksBuildPhase section */

/* Begin PBXGroup section */
		080E96DDFE201D6D7F000001 /* Classes */ = {
			isa = PBXGroup;
			children = (
				A8A33F9B134A98C400FCB02D /* main.mm */,
				256AC3D80F4B6AC300CF3369 /* StreamingPreviewAppDelegate.h */,
				256AC3D90F4B6AC300CF3369 /* StreamingPreviewAppDelegate.mm */,
				6DC90AB411F3D3940050A5A3 /* OpenGLPreview.h */,
				6DC90AB511F3D3940050A5A3 /* OpenGLPreview.mm */,
				6DC90BB511F3E0E50050A5A3 /* QTDecodeSession.h */,
				6DC90BB611F3E0E50050A5A3 /* QTDecodeSession.mm */,
				A8A33E10134954CB00FCB02D /* AudioStreamDecoder.h */,
				A8A33E11134954CB00FCB02D /* AudioStreamDecoder.cpp */,
			);
			name = Classes;
			sourceTree = "<group>";
		};
		1058C7A0FEA54F0111CA2CBB /* Linked Frameworks */ = {
			isa = PBXGroup;
			children = (
				1058C7A1FEA54F0111CA2CBB /* Cocoa.framework */,
			);
			name = "Linked Frameworks";
			sourceTree = "<group>";
		};
		1058C7A2FEA54F0111CA2CBB /* Other Frameworks */ = {
			isa = PBXGroup;
			children = (
				6DC90AC011F3D3E80050A5A3 /* CoreVideo.framework */,
				29B97324FDCFA39411CA2CEA /* AppKit.framework */,
				13E42FB307B3F0F600E4EEF1 /* CoreData.framework */,
				29B97325FDCFA39411CA2CEA /* Foundation.framework */,
				6DC90B2D11F3D9D80050A5A3 /* OpenGL.framework */,
				A8D40A8B1342C1C100D98DD6 /* AudioToolbox.framework */,
			);
			name = "Other Frameworks";
			sourceTree = "<group>";
		};
		19C28FACFE9D520D11CA2CBB /* Products */ = {
			isa = PBXGroup;
			children = (
				8D1107320486CEB800E47090 /* StreamingPreview.app */,
			);
			name = Products;
			sourceTree = "<group>";
		};
		29B97314FDCFA39411CA2CEA /* StreamingPreview */ = {
			isa = PBXGroup;
			children = (
				A8A33F88134A986A00FCB02D /* SDK */,
				080E96DDFE201D6D7F000001 /* Classes */,
				29B97317FDCFA39411CA2CEA /* Resources */,
				29B97323FDCFA39411CA2CEA /* Frameworks */,
				19C28FACFE9D520D11CA2CBB /* Products */,
				6DC90BB811F3E0F30050A5A3 /* QuickTime.framework */,
			);
			name = StreamingPreview;
			sourceTree = "<group>";
		};
		29B97317FDCFA39411CA2CEA /* Resources */ = {
			isa = PBXGroup;
			children = (
				8D1107310486CEB800E47090 /* StreamingPreview-Info.plist */,
				089C165CFE840E0CC02AAC07 /* InfoPlist.strings */,
				1DDD58140DA1D0A300B32029 /* MainMenu.xib */,
			);
			name = Resources;
			sourceTree = "<group>";
		};
		29B97323FDCFA39411CA2CEA /* Frameworks */ = {
			isa = PBXGroup;
			children = (
				1058C7A0FEA54F0111CA2CBB /* Linked Frameworks */,
				1058C7A2FEA54F0111CA2CBB /* Other Frameworks */,
			);
			name = Frameworks;
			sourceTree = "<group>";
		};
		A8A33F88134A986A00FCB02D /* SDK */ = {
			isa = PBXGroup;
			children = (
				A8A33F89134A987B00FCB02D /* COMObject.h */,
				A8A33F8A134A987B00FCB02D /* Debug.h */,
				A8A33F94134A98A000FCB02D /* DeckLinkAPI.h */,
				A8A33F97134A98B300FCB02D /* DeckLinkAPIDispatch.cpp */,
				A8A33F8B134A988700FCB02D /* BMDStreamingDeckControlNotifier.h */,
				A8A33F8C134A988700FCB02D /* BMDStreamingDeckControlNotifier.mm */,
				A8A33F8D134A988700FCB02D /* BMDStreamingDeviceInputNotifier.h */,
				A8A33F8E134A988700FCB02D /* BMDStreamingDeviceInputNotifier.mm */,
				A8A33F8F134A988700FCB02D /* BMDStreamingDeviceNotifier.h */,
				A8A33F90134A988700FCB02D /* BMDStreamingDeviceNotifier.mm */,
			);
			name = SDK;
			sourceTree = "<group>";
		};
/* End PBXGroup section */

/* Begin PBXNativeTarget section */
		8D1107260486CEB800E47090 /* StreamingPreview */ = {
			isa = PBXNativeTarget;
			buildConfigurationList = C01FCF4A08A954540054247B /* Build configuration list for PBXNativeTarget "StreamingPreview" */;
			buildPhases = (
				8D1107290486CEB800E47090 /* Resources */,
				8D11072C0486CEB800E47090 /* Sources */,
				8D11072E0486CEB800E47090 /* Frameworks */,
			);
			buildRules = (
			);
			dependencies = (
			);
			name = StreamingPreview;
			productInstallPath = "$(HOME)/Applications";
			productName = StreamingPreview;
			productReference = 8D1107320486CEB800E47090 /* StreamingPreview.app */;
			productType = "com.apple.product-type.application";
		};
/* End PBXNativeTarget section */

/* Begin PBXProject section */
		29B97313FDCFA39411CA2CEA /* Project object */ = {
			isa = PBXProject;
			attributes = {
				LastUpgradeCheck = 0430;
			};
			buildConfigurationList = C01FCF4E08A954540054247B /* Build configuration list for PBXProject "StreamingPreview" */;
			compatibilityVersion = "Xcode 3.2";
			developmentRegion = English;
			hasScannedForEncodings = 1;
			knownRegions = (
				English,
				Japanese,
				French,
				German,
			);
			mainGroup = 29B97314FDCFA39411CA2CEA /* StreamingPreview */;
			projectDirPath = "";
			projectRoot = "";
			targets = (
				8D1107260486CEB800E47090 /* StreamingPreview */,
			);
		};
/* End PBXProject section */

/* Begin PBXResourcesBuildPhase section */
		8D1107290486CEB800E47090 /* Resources */ = {
			isa = PBXResourcesBuildPhase;
			buildActionMask = 2147483647;
			files = (
				8D11072B0486CEB800E47090 /* InfoPlist.strings in Resources */,
				1DDD58160DA1D0A300B32029 /* MainMenu.xib in Resources */,
			);
			runOnlyForDeploymentPostprocessing = 0;
		};
/* End PBXResourcesBuildPhase section */

/* Begin PBXSourcesBuildPhase section */
		8D11072C0486CEB800E47090 /* Sources */ = {
			isa = PBXSourcesBuildPhase;
			buildActionMask = 2147483647;
			files = (
				256AC3DA0F4B6AC300CF3369 /* StreamingPreviewAppDelegate.mm in Sources */,
				6DC90AB611F3D3940050A5A3 /* OpenGLPreview.mm in Sources */,
				6DC90BB711F3E0E50050A5A3 /* QTDecodeSession.mm in Sources */,
				A8A33E12134954CB00FCB02D /* AudioStreamDecoder.cpp in Sources */,
				A8A33F91134A988700FCB02D /* BMDStreamingDeckControlNotifier.mm in Sources */,
				A8A33F92134A988700FCB02D /* BMDStreamingDeviceInputNotifier.mm in Sources */,
				A8A33F93134A988700FCB02D /* BMDStreamingDeviceNotifier.mm in Sources */,
				A8A33F98134A98B300FCB02D /* DeckLinkAPIDispatch.cpp in Sources */,
				A8A33F9C134A98C400FCB02D /* main.mm in Sources */,
			);
			runOnlyForDeploymentPostprocessing = 0;
		};
/* End PBXSourcesBuildPhase section */

/* Begin PBXVariantGroup section */
		089C165CFE840E0CC02AAC07 /* InfoPlist.strings */ = {
			isa = PBXVariantGroup;
			children = (
				089C165DFE840E0CC02AAC07 /* English */,
			);
			name = InfoPlist.strings;
			sourceTree = "<group>";
		};
		1DDD58140DA1D0A300B32029 /* MainMenu.xib */ = {
			isa = PBXVariantGroup;
			children = (
				1DDD58150DA1D0A300B32029 /* English */,
			);
			name = MainMenu.xib;
			sourceTree = "<group>";
		};
/* End PBXVariantGroup section */

/* Begin XCBuildConfiguration section */
		C01FCF4B08A954540054247B /* Debug */ = {
			isa = XCBuildConfiguration;
			buildSettings = {
				ALWAYS_SEARCH_USER_PATHS = NO;
				COPY_PHASE_STRIP = NO;
				GCC_DYNAMIC_NO_PIC = NO;
				GCC_MODEL_TUNING = G5;
				GCC_OPTIMIZATION_LEVEL = 0;
				GCC_PRECOMPILE_PREFIX_HEADER = YES;
				GCC_PREFIX_HEADER = StreamingPreview_Prefix.pch;
				GCC_PREPROCESSOR_DEFINITIONS = "DEBUG=1";
				INFOPLIST_FILE = "StreamingPreview-Info.plist";
				INSTALL_PATH = "$(HOME)/Applications";
				PRODUCT_NAME = StreamingPreview;
			};
			name = Debug;
		};
		C01FCF4C08A954540054247B /* Release */ = {
			isa = XCBuildConfiguration;
			buildSettings = {
				ALWAYS_SEARCH_USER_PATHS = NO;
				DEBUG_INFORMATION_FORMAT = "dwarf-with-dsym";
				GCC_MODEL_TUNING = G5;
				GCC_PRECOMPILE_PREFIX_HEADER = YES;
				GCC_PREFIX_HEADER = StreamingPreview_Prefix.pch;
				INFOPLIST_FILE = "StreamingPreview-Info.plist";
				INSTALL_PATH = "$(HOME)/Applications";
				PRODUCT_NAME = StreamingPreview;
			};
			name = Release;
		};
		C01FCF4F08A954540054247B /* Debug */ = {
			isa = XCBuildConfiguration;
			buildSettings = {
				ARCHS = "$(ARCHS_STANDARD_32_BIT)";
				GCC_C_LANGUAGE_STANDARD = gnu99;
				GCC_OPTIMIZATION_LEVEL = 0;
				GCC_WARN_ABOUT_RETURN_TYPE = YES;
				GCC_WARN_UNUSED_VARIABLE = YES;
				MACOSX_DEPLOYMENT_TARGET = 10.6;
				ONLY_ACTIVE_ARCH = YES;
				SDKROOT = macosx10.7;
			};
			name = Debug;
		};
		C01FCF5008A954540054247B /* Release */ = {
			isa = XCBuildConfiguration;
			buildSettings = {
				ARCHS = "$(ARCHS_STANDARD_32_BIT)";
				GCC_C_LANGUAGE_STANDARD = gnu99;
				GCC_WARN_ABOUT_RETURN_TYPE = YES;
				GCC_WARN_UNUSED_VARIABLE = YES;
				MACOSX_DEPLOYMENT_TARGET = 10.6;
				SDKROOT = macosx10.7;
			};
			name = Release;
		};
/* End XCBuildConfiguration section */

/* Begin XCConfigurationList section */
		C01FCF4A08A954540054247B /* Build configuration list for PBXNativeTarget "StreamingPreview" */ = {
			isa = XCConfigurationList;
			buildConfigurations = (
				C01FCF4B08A954540054247B /* Debug */,
				C01FCF4C08A954540054247B /* Release */,
			);
			defaultConfigurationIsVisible = 0;
			defaultConfigurationName = Release;
		};
		C01FCF4E08A954540054247B /* Build configuration list for PBXProject "StreamingPreview" */ = {
			isa = XCConfigurationList;
			buildConfigurations = (
				C01FCF4F08A954540054247B /* Debug */,
				C01FCF5008A954540054247B /* Release */,
			);
			defaultConfigurationIsVisible = 0;
			defaultConfigurationName = Release;
		};
/* End XCConfigurationList section */
	};
	rootObject = 29B97313FDCFA39411CA2CEA /* Project object */;
}
