Microsoft Visual Studio Solution File, Format Version 10.00
# Visual Studio 2008
Project("{8BC9CEB8-8B4A-11D0-8D11-00A0C91BC942}") = "DecklinkCapture", "DecklinkCapture\DecklinkCapture.vcproj", "{6694207C-BBE5-4E99-8069-8A6687CFF72A}"
	ProjectSection(ProjectDependencies) = postProject
		{F452F52B-14EA-4AFF-A082-9D7108E7BD75} = {F452F52B-14EA-4AFF-A082-9D7108E7BD75}
		{EF2CF0E8-F7F6-400B-B9C1-EF2A830EC047} = {EF2CF0E8-F7F6-400B-B9C1-EF2A830EC047}
	EndProjectSection
EndProject
Project("{8BC9CEB8-8B4A-11D0-8D11-00A0C91BC942}") = "DecklinkPlayback", "DecklinkPlayback\DecklinkPlayback.vcproj", "{E12274B0-01FE-493E-9EB2-D9B26959E661}"
	ProjectSection(ProjectDependencies) = postProject
		{F452F52B-14EA-4AFF-A082-9D7108E7BD75} = {F452F52B-14EA-4AFF-A082-9D7108E7BD75}
		{EF2CF0E8-F7F6-400B-B9C1-EF2A830EC047} = {EF2CF0E8-F7F6-400B-B9C1-EF2A830EC047}
	EndProjectSection
EndProject
Project("{8BC9CEB8-8B4A-11D0-8D11-00A0C91BC942}") = "DecklinkFilters", "DecklinkFilters\DecklinkFilters.vcproj", "{F452F52B-14EA-4AFF-A082-9D7108E7BD75}"
	ProjectSection(ProjectDependencies) = postProject
		{EF2CF0E8-F7F6-400B-B9C1-EF2A830EC047} = {EF2CF0E8-F7F6-400B-B9C1-EF2A830EC047}
	EndProjectSection
EndProject
Project("{8BC9CEB8-8B4A-11D0-8D11-00A0C91BC942}") = "DecklinkFrameSource", "DecklinkFrameSource\DecklinkFrameSource.vcproj", "{2730180E-EA1D-432C-A8F6-EC2523908C59}"
	ProjectSection(ProjectDependencies) = postProject
		{F452F52B-14EA-4AFF-A082-9D7108E7BD75} = {F452F52B-14EA-4AFF-A082-9D7108E7BD75}
		{EF2CF0E8-F7F6-400B-B9C1-EF2A830EC047} = {EF2CF0E8-F7F6-400B-B9C1-EF2A830EC047}
	EndProjectSection
EndProject
Project("{8BC9CEB8-8B4A-11D0-8D11-00A0C91BC942}") = "DecklinkKey", "DecklinkKey\DecklinkKey.vcproj", "{3E39758F-26E4-4677-BD42-38EB4D7C36EC}"
	ProjectSection(ProjectDependencies) = postProject
		{F452F52B-14EA-4AFF-A082-9D7108E7BD75} = {F452F52B-14EA-4AFF-A082-9D7108E7BD75}
		{EF2CF0E8-F7F6-400B-B9C1-EF2A830EC047} = {EF2CF0E8-F7F6-400B-B9C1-EF2A830EC047}
	EndProjectSection
EndProject
Project("{8BC9CEB8-8B4A-11D0-8D11-00A0C91BC942}") = "BaseClasses", "BaseClasses\baseclasses.vcproj", "{EF2CF0E8-F7F6-400B-B9C1-EF2A830EC047}"
EndProject
Project("{8BC9CEB8-8B4A-11D0-8D11-00A0C91BC942}") = "DecklinkHistogram", "DecklinkHistogram\DecklinkHistogram.vcproj", "{CAE5033B-282A-4720-8867-591A5AE27DF9}"
	ProjectSection(ProjectDependencies) = postProject
		{F452F52B-14EA-4AFF-A082-9D7108E7BD75} = {F452F52B-14EA-4AFF-A082-9D7108E7BD75}
		{EF2CF0E8-F7F6-400B-B9C1-EF2A830EC047} = {EF2CF0E8-F7F6-400B-B9C1-EF2A830EC047}
	EndProjectSection
EndProject
Project("{8BC9CEB8-8B4A-11D0-8D11-00A0C91BC942}") = "DecklinkExportToTape", "DecklinkExportToTape\DecklinkExportToTape.vcproj", "{EB1BFA85-2EB3-43A4-8A85-7720BA98E634}"
	ProjectSection(ProjectDependencies) = postProject
		{F452F52B-14EA-4AFF-A082-9D7108E7BD75} = {F452F52B-14EA-4AFF-A082-9D7108E7BD75}
		{EF2CF0E8-F7F6-400B-B9C1-EF2A830EC047} = {EF2CF0E8-F7F6-400B-B9C1-EF2A830EC047}
	EndProjectSection
EndProject
Project("{8BC9CEB8-8B4A-11D0-8D11-00A0C91BC942}") = "GMFBridge", "3rd Party\GDCL\GMFBridge\GMFBridge.vcproj", "{57F591D1-9827-422A-8DE1-6401F487A567}"
	ProjectSection(ProjectDependencies) = postProject
		{F452F52B-14EA-4AFF-A082-9D7108E7BD75} = {F452F52B-14EA-4AFF-A082-9D7108E7BD75}
		{EF2CF0E8-F7F6-400B-B9C1-EF2A830EC047} = {EF2CF0E8-F7F6-400B-B9C1-EF2A830EC047}
	EndProjectSection
EndProject
Project("{8BC9CEB8-8B4A-11D0-8D11-00A0C91BC942}") = "DecklinkIngest", "DecklinkIngest\DecklinkIngest.vcproj", "{1AE0704C-6301-47D4-AB42-70DA0E75A538}"
	ProjectSection(ProjectDependencies) = postProject
		{F452F52B-14EA-4AFF-A082-9D7108E7BD75} = {F452F52B-14EA-4AFF-A082-9D7108E7BD75}
		{57F591D1-9827-422A-8DE1-6401F487A567} = {57F591D1-9827-422A-8DE1-6401F487A567}
		{EF2CF0E8-F7F6-400B-B9C1-EF2A830EC047} = {EF2CF0E8-F7F6-400B-B9C1-EF2A830EC047}
	EndProjectSection
EndProject
Global
	GlobalSection(SolutionConfigurationPlatforms) = preSolution
		Debug|Win32 = Debug|Win32
		Debug|x64 = Debug|x64
		Release|Win32 = Release|Win32
		Release|x64 = Release|x64
	EndGlobalSection
	GlobalSection(ProjectConfigurationPlatforms) = postSolution
		{6694207C-BBE5-4E99-8069-8A6687CFF72A}.Debug|Win32.ActiveCfg = Debug|Win32
		{6694207C-BBE5-4E99-8069-8A6687CFF72A}.Debug|Win32.Build.0 = Debug|Win32
		{6694207C-BBE5-4E99-8069-8A6687CFF72A}.Debug|x64.ActiveCfg = Debug|Win32
		{6694207C-BBE5-4E99-8069-8A6687CFF72A}.Release|Win32.ActiveCfg = Release|Win32
		{6694207C-BBE5-4E99-8069-8A6687CFF72A}.Release|Win32.Build.0 = Release|Win32
		{6694207C-BBE5-4E99-8069-8A6687CFF72A}.Release|x64.ActiveCfg = Release|x64
		{6694207C-BBE5-4E99-8069-8A6687CFF72A}.Release|x64.Build.0 = Release|x64
		{E12274B0-01FE-493E-9EB2-D9B26959E661}.Debug|Win32.ActiveCfg = Debug|Win32
		{E12274B0-01FE-493E-9EB2-D9B26959E661}.Debug|Win32.Build.0 = Debug|Win32
		{E12274B0-01FE-493E-9EB2-D9B26959E661}.Debug|x64.ActiveCfg = Debug|Win32
		{E12274B0-01FE-493E-9EB2-D9B26959E661}.Release|Win32.ActiveCfg = Release|Win32
		{E12274B0-01FE-493E-9EB2-D9B26959E661}.Release|Win32.Build.0 = Release|Win32
		{E12274B0-01FE-493E-9EB2-D9B26959E661}.Release|x64.ActiveCfg = Release|x64
		{E12274B0-01FE-493E-9EB2-D9B26959E661}.Release|x64.Build.0 = Release|x64
		{F452F52B-14EA-4AFF-A082-9D7108E7BD75}.Debug|Win32.ActiveCfg = Debug|Win32
		{F452F52B-14EA-4AFF-A082-9D7108E7BD75}.Debug|Win32.Build.0 = Debug|Win32
		{F452F52B-14EA-4AFF-A082-9D7108E7BD75}.Debug|x64.ActiveCfg = Debug|Win32
		{F452F52B-14EA-4AFF-A082-9D7108E7BD75}.Release|Win32.ActiveCfg = Release|Win32
		{F452F52B-14EA-4AFF-A082-9D7108E7BD75}.Release|Win32.Build.0 = Release|Win32
		{F452F52B-14EA-4AFF-A082-9D7108E7BD75}.Release|x64.ActiveCfg = Release|x64
		{F452F52B-14EA-4AFF-A082-9D7108E7BD75}.Release|x64.Build.0 = Release|x64
		{2730180E-EA1D-432C-A8F6-EC2523908C59}.Debug|Win32.ActiveCfg = Debug|Win32
		{2730180E-EA1D-432C-A8F6-EC2523908C59}.Debug|Win32.Build.0 = Debug|Win32
		{2730180E-EA1D-432C-A8F6-EC2523908C59}.Debug|x64.ActiveCfg = Debug|Win32
		{2730180E-EA1D-432C-A8F6-EC2523908C59}.Release|Win32.ActiveCfg = Release|Win32
		{2730180E-EA1D-432C-A8F6-EC2523908C59}.Release|Win32.Build.0 = Release|Win32
		{2730180E-EA1D-432C-A8F6-EC2523908C59}.Release|x64.ActiveCfg = Release|x64
		{2730180E-EA1D-432C-A8F6-EC2523908C59}.Release|x64.Build.0 = Release|x64
		{3E39758F-26E4-4677-BD42-38EB4D7C36EC}.Debug|Win32.ActiveCfg = Debug|Win32
		{3E39758F-26E4-4677-BD42-38EB4D7C36EC}.Debug|Win32.Build.0 = Debug|Win32
		{3E39758F-26E4-4677-BD42-38EB4D7C36EC}.Debug|x64.ActiveCfg = Debug|Win32
		{3E39758F-26E4-4677-BD42-38EB4D7C36EC}.Release|Win32.ActiveCfg = Release|Win32
		{3E39758F-26E4-4677-BD42-38EB4D7C36EC}.Release|Win32.Build.0 = Release|Win32
		{3E39758F-26E4-4677-BD42-38EB4D7C36EC}.Release|x64.ActiveCfg = Release|x64
		{3E39758F-26E4-4677-BD42-38EB4D7C36EC}.Release|x64.Build.0 = Release|x64
		{EF2CF0E8-F7F6-400B-B9C1-EF2A830EC047}.Debug|Win32.ActiveCfg = Debug|Win32
		{EF2CF0E8-F7F6-400B-B9C1-EF2A830EC047}.Debug|Win32.Build.0 = Debug|Win32
		{EF2CF0E8-F7F6-400B-B9C1-EF2A830EC047}.Debug|x64.ActiveCfg = Debug|x64
		{EF2CF0E8-F7F6-400B-B9C1-EF2A830EC047}.Debug|x64.Build.0 = Debug|x64
		{EF2CF0E8-F7F6-400B-B9C1-EF2A830EC047}.Release|Win32.ActiveCfg = Release|Win32
		{EF2CF0E8-F7F6-400B-B9C1-EF2A830EC047}.Release|Win32.Build.0 = Release|Win32
		{EF2CF0E8-F7F6-400B-B9C1-EF2A830EC047}.Release|x64.ActiveCfg = Release|x64
		{EF2CF0E8-F7F6-400B-B9C1-EF2A830EC047}.Release|x64.Build.0 = Release|x64
		{CAE5033B-282A-4720-8867-591A5AE27DF9}.Debug|Win32.ActiveCfg = Debug|Win32
		{CAE5033B-282A-4720-8867-591A5AE27DF9}.Debug|Win32.Build.0 = Debug|Win32
		{CAE5033B-282A-4720-8867-591A5AE27DF9}.Debug|x64.ActiveCfg = Debug|Win32
		{CAE5033B-282A-4720-8867-591A5AE27DF9}.Release|Win32.ActiveCfg = Release|Win32
		{CAE5033B-282A-4720-8867-591A5AE27DF9}.Release|Win32.Build.0 = Release|Win32
		{CAE5033B-282A-4720-8867-591A5AE27DF9}.Release|x64.ActiveCfg = Release|x64
		{CAE5033B-282A-4720-8867-591A5AE27DF9}.Release|x64.Build.0 = Release|x64
		{EB1BFA85-2EB3-43A4-8A85-7720BA98E634}.Debug|Win32.ActiveCfg = Debug|Win32
		{EB1BFA85-2EB3-43A4-8A85-7720BA98E634}.Debug|Win32.Build.0 = Debug|Win32
		{EB1BFA85-2EB3-43A4-8A85-7720BA98E634}.Debug|x64.ActiveCfg = Debug|Win32
		{EB1BFA85-2EB3-43A4-8A85-7720BA98E634}.Release|Win32.ActiveCfg = Release|Win32
		{EB1BFA85-2EB3-43A4-8A85-7720BA98E634}.Release|Win32.Build.0 = Release|Win32
		{EB1BFA85-2EB3-43A4-8A85-7720BA98E634}.Release|x64.ActiveCfg = Release|x64
		{EB1BFA85-2EB3-43A4-8A85-7720BA98E634}.Release|x64.Build.0 = Release|x64
		{57F591D1-9827-422A-8DE1-6401F487A567}.Debug|Win32.ActiveCfg = Debug|Win32
		{57F591D1-9827-422A-8DE1-6401F487A567}.Debug|Win32.Build.0 = Debug|Win32
		{57F591D1-9827-422A-8DE1-6401F487A567}.Debug|x64.ActiveCfg = Debug|Win32
		{57F591D1-9827-422A-8DE1-6401F487A567}.Release|Win32.ActiveCfg = Release|Win32
		{57F591D1-9827-422A-8DE1-6401F487A567}.Release|Win32.Build.0 = Release|Win32
		{57F591D1-9827-422A-8DE1-6401F487A567}.Release|x64.ActiveCfg = Release|x64
		{57F591D1-9827-422A-8DE1-6401F487A567}.Release|x64.Build.0 = Release|x64
		{1AE0704C-6301-47D4-AB42-70DA0E75A538}.Debug|Win32.ActiveCfg = Debug|Win32
		{1AE0704C-6301-47D4-AB42-70DA0E75A538}.Debug|Win32.Build.0 = Debug|Win32
		{1AE0704C-6301-47D4-AB42-70DA0E75A538}.Debug|x64.ActiveCfg = Debug|Win32
		{1AE0704C-6301-47D4-AB42-70DA0E75A538}.Release|Win32.ActiveCfg = Release|Win32
		{1AE0704C-6301-47D4-AB42-70DA0E75A538}.Release|Win32.Build.0 = Release|Win32
		{1AE0704C-6301-47D4-AB42-70DA0E75A538}.Release|x64.ActiveCfg = Release|x64
		{1AE0704C-6301-47D4-AB42-70DA0E75A538}.Release|x64.Build.0 = Release|x64
	EndGlobalSection
	GlobalSection(SolutionProperties) = preSolution
		HideSolutionNode = FALSE
	EndGlobalSection
EndGlobal
