
Microsoft Visual Studio Solution File, Format Version 10.00
# Visual Studio 2008
Project("{FAE04EC0-301F-11D3-BF4B-00C04F79EFBC}") = "SignalGenCSharp", "SignalGenCSharp.csproj", "{440EEE0E-B3A1-4D3B-8B42-994076E5EF23}"
EndProject
Global
	GlobalSection(SolutionConfigurationPlatforms) = preSolution
		Debug|Any CPU = Debug|Any CPU
		Release|Any CPU = Release|Any CPU
	EndGlobalSection
	GlobalSection(ProjectConfigurationPlatforms) = postSolution
		{440EEE0E-B3A1-4D3B-8B42-994076E5EF23}.Debug|Any CPU.ActiveCfg = Debug|Any CPU
		{440EEE0E-B3A1-4D3B-8B42-994076E5EF23}.Debug|Any CPU.Build.0 = Debug|Any CPU
		{440EEE0E-B3A1-4D3B-8B42-994076E5EF23}.Release|Any CPU.ActiveCfg = Release|Any CPU
		{440EEE0E-B3A1-4D3B-8B42-994076E5EF23}.Release|Any CPU.Build.0 = Release|Any CPU
	EndGlobalSection
	GlobalSection(SolutionProperties) = preSolution
		HideSolutionNode = FALSE
	EndGlobalSection
EndGlobal
